
Microsoft Visual Studio Solution File, Format Version 12.00
# Visual Studio Version 17
VisualStudioVersion = 17.0.31912.275
MinimumVisualStudioVersion = 10.0.40219.1
Project("{FAE04EC0-301F-11D3-BF4B-00C04F79EFBC}") = "NeurBox", "NeurBox\NeurBox.csproj", "{73CA5FB3-8DCC-433A-82BE-7F70D5B41167}"
EndProject
Global
	GlobalSection(SolutionConfigurationPlatforms) = preSolution
		Debug|Any CPU = Debug|Any CPU
		Release|Any CPU = Release|Any CPU
	EndGlobalSection
	GlobalSection(ProjectConfigurationPlatforms) = postSolution
		{73CA5FB3-8DCC-433A-82BE-7F70D5B41167}.Debug|Any CPU.ActiveCfg = Debug|Any CPU
		{73CA5FB3-8DCC-433A-82BE-7F70D5B41167}.Debug|Any CPU.Build.0 = Debug|Any CPU
		{73CA5FB3-8DCC-433A-82BE-7F70D5B41167}.Release|Any CPU.ActiveCfg = Release|Any CPU
		{73CA5FB3-8DCC-433A-82BE-7F70D5B41167}.Release|Any CPU.Build.0 = Release|Any CPU
	EndGlobalSection
	GlobalSection(SolutionProperties) = preSolution
		HideSolutionNode = FALSE
	EndGlobalSection
	GlobalSection(ExtensibilityGlobals) = postSolution
		SolutionGuid = {251D406D-CE06-4462-A4A3-F63BF9A73816}
	EndGlobalSection
EndGlobal
